
Microsoft Visual Studio Solution File, Format Version 11.00
# Visual Studio 2010
Project("{FAE04EC0-301F-11D3-BF4B-00C04F79EFBC}") = "TheForest.Utils", "TheForest.Utils\TheForest.Utils.csproj", "{958C4108-AB0E-4AFD-8D1A-815E093D4203}"
EndProject
Global
	GlobalSection(SolutionConfigurationPlatforms) = preSolution
		Debug|Any CPU = Debug|Any CPU
		Release|Any CPU = Release|Any CPU
	EndGlobalSection
	GlobalSection(ProjectConfigurationPlatforms) = postSolution
		{958C4108-AB0E-4AFD-8D1A-815E093D4203}.Debug|Any CPU.ActiveCfg = Debug|Any CPU
		{958C4108-AB0E-4AFD-8D1A-815E093D4203}.Debug|Any CPU.Build.0 = Debug|Any CPU
		{958C4108-AB0E-4AFD-8D1A-815E093D4203}.Release|Any CPU.ActiveCfg = Release|Any CPU
		{958C4108-AB0E-4AFD-8D1A-815E093D4203}.Release|Any CPU.Build.0 = Release|Any CPU
	EndGlobalSection
	GlobalSection(SolutionProperties) = preSolution
		HideSolutionNode = FALSE
	EndGlobalSection
EndGlobal
